
Microsoft Visual Studio Solution File, Format Version 12.00
# Visual Studio Version 16
VisualStudioVersion = 16.0.31613.86
MinimumVisualStudioVersion = 10.0.40219.1
Project("{FAE04EC0-301F-11D3-BF4B-00C04F79EFBC}") = "Survey System", "Survey System\Survey System.csproj", "{95C4482F-B16B-43FA-9FF4-D861C7786102}"
EndProject
Global
	GlobalSection(SolutionConfigurationPlatforms) = preSolution
		Debug|Any CPU = Debug|Any CPU
		Release|Any CPU = Release|Any CPU
	EndGlobalSection
	GlobalSection(ProjectConfigurationPlatforms) = postSolution
		{95C4482F-B16B-43FA-9FF4-D861C7786102}.Debug|Any CPU.ActiveCfg = Debug|Any CPU
		{95C4482F-B16B-43FA-9FF4-D861C7786102}.Debug|Any CPU.Build.0 = Debug|Any CPU
		{95C4482F-B16B-43FA-9FF4-D861C7786102}.Release|Any CPU.ActiveCfg = Release|Any CPU
		{95C4482F-B16B-43FA-9FF4-D861C7786102}.Release|Any CPU.Build.0 = Release|Any CPU
	EndGlobalSection
	GlobalSection(SolutionProperties) = preSolution
		HideSolutionNode = FALSE
	EndGlobalSection
	GlobalSection(ExtensibilityGlobals) = postSolution
		SolutionGuid = {AA6C38CD-B171-49E0-BB9A-03F0CC19A8AD}
	EndGlobalSection
EndGlobal
